// !$*UTF8*$!
{
	archiveVersion = 1;
	classes = {
	};
	objectVersion = 50;
	objects = {

/* Begin PBXBuildFile section */
		E89AF56126F1EE680019B315 /* AppDelegate.swift in Sources */ = {isa = PBXBuildFile; fileRef = E89AF56026F1EE680019B315 /* AppDelegate.swift */; };
		E89AF56326F1EE680019B315 /* SceneDelegate.swift in Sources */ = {isa = PBXBuildFile; fileRef = E89AF56226F1EE680019B315 /* SceneDelegate.swift */; };
		E89AF56526F1EE680019B315 /* ViewController.swift in Sources */ = {isa = PBXBuildFile; fileRef = E89AF56426F1EE680019B315 /* ViewController.swift */; };
		E89AF56826F1EE680019B315 /* Main.storyboard in Resources */ = {isa = PBXBuildFile; fileRef = E89AF56626F1EE680019B315 /* Main.storyboard */; };
		E89AF56A26F1EE690019B315 /* Assets.xcassets in Resources */ = {isa = PBXBuildFile; fileRef = E89AF56926F1EE690019B315 /* Assets.xcassets */; };
		E89AF56D26F1EE690019B315 /* LaunchScreen.storyboard in Resources */ = {isa = PBXBuildFile; fileRef = E89AF56B26F1EE690019B315 /* LaunchScreen.storyboard */; };
		E89AF57926F1EFCA0019B315 /* StarryNight.mlmodel in Sources */ = {isa = PBXBuildFile; fileRef = E89AF57526F1EFC90019B315 /* StarryNight.mlmodel */; };
		E89AF57A26F1EFCA0019B315 /* AlmondBlossom.mlmodel in Sources */ = {isa = PBXBuildFile; fileRef = E89AF57626F1EFCA0019B315 /* AlmondBlossom.mlmodel */; };
		E89AF57B26F1EFCA0019B315 /* CafeTerrace.mlmodel in Sources */ = {isa = PBXBuildFile; fileRef = E89AF57726F1EFCA0019B315 /* CafeTerrace.mlmodel */; };
		E89AF57E26F1F0340019B315 /* PotatoEaters.mlmodel in Sources */ = {isa = PBXBuildFile; fileRef = E89AF57D26F1F0340019B315 /* PotatoEaters.mlmodel */; };
		E89AF58426F1F2D60019B315 /* UIButtonExtension.swift in Sources */ = {isa = PBXBuildFile; fileRef = E89AF58026F1F2D50019B315 /* UIButtonExtension.swift */; };
		E89AF58526F1F2D60019B315 /* UILabelExtension.swift in Sources */ = {isa = PBXBuildFile; fileRef = E89AF58126F1F2D60019B315 /* UILabelExtension.swift */; };
		E89AF58626F1F2D60019B315 /* UIViewExtension.swift in Sources */ = {isa = PBXBuildFile; fileRef = E89AF58226F1F2D60019B315 /* UIViewExtension.swift */; };
		E89AF58726F1F2D60019B315 /* UIImageExtension.swift in Sources */ = {isa = PBXBuildFile; fileRef = E89AF58326F1F2D60019B315 /* UIImageExtension.swift */; };
		E89AF58A26F1F3790019B315 /* PhotoPickerManager.swift in Sources */ = {isa = PBXBuildFile; fileRef = E89AF58926F1F3790019B315 /* PhotoPickerManager.swift */; };
		E89AF58F26F1F3D90019B315 /* Enums.swift in Sources */ = {isa = PBXBuildFile; fileRef = E89AF58C26F1F3D90019B315 /* Enums.swift */; };
		E89AF59026F1F3D90019B315 /* Colors.swift in Sources */ = {isa = PBXBuildFile; fileRef = E89AF58D26F1F3D90019B315 /* Colors.swift */; };
		E89AF59126F1F3D90019B315 /* Strings.swift in Sources */ = {isa = PBXBuildFile; fileRef = E89AF58E26F1F3D90019B315 /* Strings.swift */; };
/* End PBXBuildFile section */

/* Begin PBXFileReference section */
		E89AF55D26F1EE680019B315 /* Van Gogh Filter Cam Project.app */ = {isa = PBXFileReference; explicitFileType = wrapper.application; includeInIndex = 0; path = "Van Gogh Filter Cam Project.app"; sourceTree = BUILT_PRODUCTS_DIR; };
		E89AF56026F1EE680019B315 /* AppDelegate.swift */ = {isa = PBXFileReference; lastKnownFileType = sourcecode.swift; path = AppDelegate.swift; sourceTree = "<group>"; };
		E89AF56226F1EE680019B315 /* SceneDelegate.swift */ = {isa = PBXFileReference; lastKnownFileType = sourcecode.swift; path = SceneDelegate.swift; sourceTree = "<group>"; };
		E89AF56426F1EE680019B315 /* ViewController.swift */ = {isa = PBXFileReference; lastKnownFileType = sourcecode.swift; path = ViewController.swift; sourceTree = "<group>"; };
		E89AF56726F1EE680019B315 /* Base */ = {isa = PBXFileReference; lastKnownFileType = file.storyboard; name = Base; path = Base.lproj/Main.storyboard; sourceTree = "<group>"; };
		E89AF56926F1EE690019B315 /* Assets.xcassets */ = {isa = PBXFileReference; lastKnownFileType = folder.assetcatalog; path = Assets.xcassets; sourceTree = "<group>"; };
		E89AF56C26F1EE690019B315 /* Base */ = {isa = PBXFileReference; lastKnownFileType = file.storyboard; name = Base; path = Base.lproj/LaunchScreen.storyboard; sourceTree = "<group>"; };
		E89AF56E26F1EE690019B315 /* Info.plist */ = {isa = PBXFileReference; lastKnownFileType = text.plist.xml; path = Info.plist; sourceTree = "<group>"; };
		E89AF57526F1EFC90019B315 /* StarryNight.mlmodel */ = {isa = PBXFileReference; lastKnownFileType = file.mlmodel; path = StarryNight.mlmodel; sourceTree = "<group>"; };
		E89AF57626F1EFCA0019B315 /* AlmondBlossom.mlmodel */ = {isa = PBXFileReference; lastKnownFileType = file.mlmodel; path = AlmondBlossom.mlmodel; sourceTree = "<group>"; };
		E89AF57726F1EFCA0019B315 /* CafeTerrace.mlmodel */ = {isa = PBXFileReference; lastKnownFileType = file.mlmodel; path = CafeTerrace.mlmodel; sourceTree = "<group>"; };
		E89AF57D26F1F0340019B315 /* PotatoEaters.mlmodel */ = {isa = PBXFileReference; lastKnownFileType = file.mlmodel; path = PotatoEaters.mlmodel; sourceTree = "<group>"; };
		E89AF58026F1F2D50019B315 /* UIButtonExtension.swift */ = {isa = PBXFileReference; fileEncoding = 4; lastKnownFileType = sourcecode.swift; path = UIButtonExtension.swift; sourceTree = "<group>"; };
		E89AF58126F1F2D60019B315 /* UILabelExtension.swift */ = {isa = PBXFileReference; fileEncoding = 4; lastKnownFileType = sourcecode.swift; path = UILabelExtension.swift; sourceTree = "<group>"; };
		E89AF58226F1F2D60019B315 /* UIViewExtension.swift */ = {isa = PBXFileReference; fileEncoding = 4; lastKnownFileType = sourcecode.swift; path = UIViewExtension.swift; sourceTree = "<group>"; };
		E89AF58326F1F2D60019B315 /* UIImageExtension.swift */ = {isa = PBXFileReference; fileEncoding = 4; lastKnownFileType = sourcecode.swift; path = UIImageExtension.swift; sourceTree = "<group>"; };
		E89AF58926F1F3790019B315 /* PhotoPickerManager.swift */ = {isa = PBXFileReference; fileEncoding = 4; lastKnownFileType = sourcecode.swift; path = PhotoPickerManager.swift; sourceTree = "<group>"; };
		E89AF58C26F1F3D90019B315 /* Enums.swift */ = {isa = PBXFileReference; fileEncoding = 4; lastKnownFileType = sourcecode.swift; path = Enums.swift; sourceTree = "<group>"; };
		E89AF58D26F1F3D90019B315 /* Colors.swift */ = {isa = PBXFileReference; fileEncoding = 4; lastKnownFileType = sourcecode.swift; path = Colors.swift; sourceTree = "<group>"; };
		E89AF58E26F1F3D90019B315 /* Strings.swift */ = {isa = PBXFileReference; fileEncoding = 4; lastKnownFileType = sourcecode.swift; path = Strings.swift; sourceTree = "<group>"; };
/* End PBXFileReference section */

/* Begin PBXFrameworksBuildPhase section */
		E89AF55A26F1EE680019B315 /* Frameworks */ = {
			isa = PBXFrameworksBuildPhase;
			buildActionMask = 2147483647;
			files = (
			);
			runOnlyForDeploymentPostprocessing = 0;
		};
/* End PBXFrameworksBuildPhase section */

/* Begin PBXGroup section */
		E89AF55426F1EE680019B315 = {
			isa = PBXGroup;
			children = (
				E89AF55F26F1EE680019B315 /* Van Gogh Filter Cam Project */,
				E89AF55E26F1EE680019B315 /* Products */,
			);
			sourceTree = "<group>";
		};
		E89AF55E26F1EE680019B315 /* Products */ = {
			isa = PBXGroup;
			children = (
				E89AF55D26F1EE680019B315 /* Van Gogh Filter Cam Project.app */,
			);
			name = Products;
			sourceTree = "<group>";
		};
		E89AF55F26F1EE680019B315 /* Van Gogh Filter Cam Project */ = {
			isa = PBXGroup;
			children = (
				E89AF58826F1F3550019B315 /* Managers */,
				E89AF57F26F1F2CB0019B315 /* Extensions */,
				E89AF57426F1EF850019B315 /* MLModels */,
				E89AF58B26F1F3C70019B315 /* Constants */,
				E89AF56026F1EE680019B315 /* AppDelegate.swift */,
				E89AF56226F1EE680019B315 /* SceneDelegate.swift */,
				E89AF56426F1EE680019B315 /* ViewController.swift */,
				E89AF56626F1EE680019B315 /* Main.storyboard */,
				E89AF56926F1EE690019B315 /* Assets.xcassets */,
				E89AF56B26F1EE690019B315 /* LaunchScreen.storyboard */,
				E89AF56E26F1EE690019B315 /* Info.plist */,
			);
			path = "Van Gogh Filter Cam Project";
			sourceTree = "<group>";
		};
		E89AF57426F1EF850019B315 /* MLModels */ = {
			isa = PBXGroup;
			children = (
				E89AF57626F1EFCA0019B315 /* AlmondBlossom.mlmodel */,
				E89AF57726F1EFCA0019B315 /* CafeTerrace.mlmodel */,
				E89AF57526F1EFC90019B315 /* StarryNight.mlmodel */,
				E89AF57D26F1F0340019B315 /* PotatoEaters.mlmodel */,
			);
			path = MLModels;
			sourceTree = "<group>";
		};
		E89AF57F26F1F2CB0019B315 /* Extensions */ = {
			isa = PBXGroup;
			children = (
				E89AF58026F1F2D50019B315 /* UIButtonExtension.swift */,
				E89AF58326F1F2D60019B315 /* UIImageExtension.swift */,
				E89AF58126F1F2D60019B315 /* UILabelExtension.swift */,
				E89AF58226F1F2D60019B315 /* UIViewExtension.swift */,
			);
			path = Extensions;
			sourceTree = "<group>";
		};
		E89AF58826F1F3550019B315 /* Managers */ = {
			isa = PBXGroup;
			children = (
				E89AF58926F1F3790019B315 /* PhotoPickerManager.swift */,
			);
			path = Managers;
			sourceTree = "<group>";
		};
		E89AF58B26F1F3C70019B315 /* Constants */ = {
			isa = PBXGroup;
			children = (
				E89AF58D26F1F3D90019B315 /* Colors.swift */,
				E89AF58C26F1F3D90019B315 /* Enums.swift */,
				E89AF58E26F1F3D90019B315 /* Strings.swift */,
			);
			path = Constants;
			sourceTree = "<group>";
		};
/* End PBXGroup section */

/* Begin PBXNativeTarget section */
		E89AF55C26F1EE680019B315 /* Van Gogh Filter Cam Project */ = {
			isa = PBXNativeTarget;
			buildConfigurationList = E89AF57126F1EE690019B315 /* Build configuration list for PBXNativeTarget "Van Gogh Filter Cam Project" */;
			buildPhases = (
				E89AF55926F1EE680019B315 /* Sources */,
				E89AF55A26F1EE680019B315 /* Frameworks */,
				E89AF55B26F1EE680019B315 /* Resources */,
			);
			buildRules = (
			);
			dependencies = (
			);
			name = "Van Gogh Filter Cam Project";
			productName = "Van Gogh Filter Cam Project";
			productReference = E89AF55D26F1EE680019B315 /* Van Gogh Filter Cam Project.app */;
			productType = "com.apple.product-type.application";
		};
/* End PBXNativeTarget section */

/* Begin PBXProject section */
		E89AF55526F1EE680019B315 /* Project object */ = {
			isa = PBXProject;
			attributes = {
				LastSwiftUpdateCheck = 1250;
				LastUpgradeCheck = 1250;
				TargetAttributes = {
					E89AF55C26F1EE680019B315 = {
						CreatedOnToolsVersion = 12.5.1;
					};
				};
			};
			buildConfigurationList = E89AF55826F1EE680019B315 /* Build configuration list for PBXProject "Van Gogh Filter Cam Project" */;
			compatibilityVersion = "Xcode 9.3";
			developmentRegion = en;
			hasScannedForEncodings = 0;
			knownRegions = (
				en,
				Base,
			);
			mainGroup = E89AF55426F1EE680019B315;
			productRefGroup = E89AF55E26F1EE680019B315 /* Products */;
			projectDirPath = "";
			projectRoot = "";
			targets = (
				E89AF55C26F1EE680019B315 /* Van Gogh Filter Cam Project */,
			);
		};
/* End PBXProject section */

/* Begin PBXResourcesBuildPhase section */
		E89AF55B26F1EE680019B315 /* Resources */ = {
			isa = PBXResourcesBuildPhase;
			buildActionMask = 2147483647;
			files = (
				E89AF56D26F1EE690019B315 /* LaunchScreen.storyboard in Resources */,
				E89AF56A26F1EE690019B315 /* Assets.xcassets in Resources */,
				E89AF56826F1EE680019B315 /* Main.storyboard in Resources */,
			);
			runOnlyForDeploymentPostprocessing = 0;
		};
/* End PBXResourcesBuildPhase section */

/* Begin PBXSourcesBuildPhase section */
		E89AF55926F1EE680019B315 /* Sources */ = {
			isa = PBXSourcesBuildPhase;
			buildActionMask = 2147483647;
			files = (
				E89AF58626F1F2D60019B315 /* UIViewExtension.swift in Sources */,
				E89AF56526F1EE680019B315 /* ViewController.swift in Sources */,
				E89AF58426F1F2D60019B315 /* UIButtonExtension.swift in Sources */,
				E89AF59026F1F3D90019B315 /* Colors.swift in Sources */,
				E89AF56126F1EE680019B315 /* AppDelegate.swift in Sources */,
				E89AF58726F1F2D60019B315 /* UIImageExtension.swift in Sources */,
				E89AF57926F1EFCA0019B315 /* StarryNight.mlmodel in Sources */,
				E89AF59126F1F3D90019B315 /* Strings.swift in Sources */,
				E89AF58A26F1F3790019B315 /* PhotoPickerManager.swift in Sources */,
				E89AF58F26F1F3D90019B315 /* Enums.swift in Sources */,
				E89AF57E26F1F0340019B315 /* PotatoEaters.mlmodel in Sources */,
				E89AF57A26F1EFCA0019B315 /* AlmondBlossom.mlmodel in Sources */,
				E89AF57B26F1EFCA0019B315 /* CafeTerrace.mlmodel in Sources */,
				E89AF58526F1F2D60019B315 /* UILabelExtension.swift in Sources */,
				E89AF56326F1EE680019B315 /* SceneDelegate.swift in Sources */,
			);
			runOnlyForDeploymentPostprocessing = 0;
		};
/* End PBXSourcesBuildPhase section */

/* Begin PBXVariantGroup section */
		E89AF56626F1EE680019B315 /* Main.storyboard */ = {
			isa = PBXVariantGroup;
			children = (
				E89AF56726F1EE680019B315 /* Base */,
			);
			name = Main.storyboard;
			sourceTree = "<group>";
		};
		E89AF56B26F1EE690019B315 /* LaunchScreen.storyboard */ = {
			isa = PBXVariantGroup;
			children = (
				E89AF56C26F1EE690019B315 /* Base */,
			);
			name = LaunchScreen.storyboard;
			sourceTree = "<group>";
		};
/* End PBXVariantGroup section */

/* Begin XCBuildConfiguration section */
		E89AF56F26F1EE690019B315 /* Debug */ = {
			isa = XCBuildConfiguration;
			buildSettings = {
				ALWAYS_SEARCH_USER_PATHS = NO;
				CLANG_ANALYZER_NONNULL = YES;
				CLANG_ANALYZER_NUMBER_OBJECT_CONVERSION = YES_AGGRESSIVE;
				CLANG_CXX_LANGUAGE_STANDARD = "gnu++14";
				CLANG_CXX_LIBRARY = "libc++";
				CLANG_ENABLE_MODULES = YES;
				CLANG_ENABLE_OBJC_ARC = YES;
				CLANG_ENABLE_OBJC_WEAK = YES;
				CLANG_WARN_BLOCK_CAPTURE_AUTORELEASING = YES;
				CLANG_WARN_BOOL_CONVERSION = YES;
				CLANG_WARN_COMMA = YES;
				CLANG_WARN_CONSTANT_CONVERSION = YES;
				CLANG_WARN_DEPRECATED_OBJC_IMPLEMENTATIONS = YES;
				CLANG_WARN_DIRECT_OBJC_ISA_USAGE = YES_ERROR;
				CLANG_WARN_DOCUMENTATION_COMMENTS = YES;
				CLANG_WARN_EMPTY_BODY = YES;
				CLANG_WARN_ENUM_CONVERSION = YES;
				CLANG_WARN_INFINITE_RECURSION = YES;
				CLANG_WARN_INT_CONVERSION = YES;
				CLANG_WARN_NON_LITERAL_NULL_CONVERSION = YES;
				CLANG_WARN_OBJC_IMPLICIT_RETAIN_SELF = YES;
				CLANG_WARN_OBJC_LITERAL_CONVERSION = YES;
				CLANG_WARN_OBJC_ROOT_CLASS = YES_ERROR;
				CLANG_WARN_QUOTED_INCLUDE_IN_FRAMEWORK_HEADER = YES;
				CLANG_WARN_RANGE_LOOP_ANALYSIS = YES;
				CLANG_WARN_STRICT_PROTOTYPES = YES;
				CLANG_WARN_SUSPICIOUS_MOVE = YES;
				CLANG_WARN_UNGUARDED_AVAILABILITY = YES_AGGRESSIVE;
				CLANG_WARN_UNREACHABLE_CODE = YES;
				CLANG_WARN__DUPLICATE_METHOD_MATCH = YES;
				COPY_PHASE_STRIP = NO;
				DEBUG_INFORMATION_FORMAT = dwarf;
				ENABLE_STRICT_OBJC_MSGSEND = YES;
				ENABLE_TESTABILITY = YES;
				GCC_C_LANGUAGE_STANDARD = gnu11;
				GCC_DYNAMIC_NO_PIC = NO;
				GCC_NO_COMMON_BLOCKS = YES;
				GCC_OPTIMIZATION_LEVEL = 0;
				GCC_PREPROCESSOR_DEFINITIONS = (
					"DEBUG=1",
					"$(inherited)",
				);
				GCC_WARN_64_TO_32_BIT_CONVERSION = YES;
				GCC_WARN_ABOUT_RETURN_TYPE = YES_ERROR;
				GCC_WARN_UNDECLARED_SELECTOR = YES;
				GCC_WARN_UNINITIALIZED_AUTOS = YES_AGGRESSIVE;
				GCC_WARN_UNUSED_FUNCTION = YES;
				GCC_WARN_UNUSED_VARIABLE = YES;
				IPHONEOS_DEPLOYMENT_TARGET = 14.1;
				MTL_ENABLE_DEBUG_INFO = INCLUDE_SOURCE;
				MTL_FAST_MATH = YES;
				ONLY_ACTIVE_ARCH = YES;
				SDKROOT = iphoneos;
				SWIFT_ACTIVE_COMPILATION_CONDITIONS = DEBUG;
				SWIFT_OPTIMIZATION_LEVEL = "-Onone";
			};
			name = Debug;
		};
		E89AF57026F1EE690019B315 /* Release */ = {
			isa = XCBuildConfiguration;
			buildSettings = {
				ALWAYS_SEARCH_USER_PATHS = NO;
				CLANG_ANALYZER_NONNULL = YES;
				CLANG_ANALYZER_NUMBER_OBJECT_CONVERSION = YES_AGGRESSIVE;
				CLANG_CXX_LANGUAGE_STANDARD = "gnu++14";
				CLANG_CXX_LIBRARY = "libc++";
				CLANG_ENABLE_MODULES = YES;
				CLANG_ENABLE_OBJC_ARC = YES;
				CLANG_ENABLE_OBJC_WEAK = YES;
				CLANG_WARN_BLOCK_CAPTURE_AUTORELEASING = YES;
				CLANG_WARN_BOOL_CONVERSION = YES;
				CLANG_WARN_COMMA = YES;
				CLANG_WARN_CONSTANT_CONVERSION = YES;
				CLANG_WARN_DEPRECATED_OBJC_IMPLEMENTATIONS = YES;
				CLANG_WARN_DIRECT_OBJC_ISA_USAGE = YES_ERROR;
				CLANG_WARN_DOCUMENTATION_COMMENTS = YES;
				CLANG_WARN_EMPTY_BODY = YES;
				CLANG_WARN_ENUM_CONVERSION = YES;
				CLANG_WARN_INFINITE_RECURSION = YES;
				CLANG_WARN_INT_CONVERSION = YES;
				CLANG_WARN_NON_LITERAL_NULL_CONVERSION = YES;
				CLANG_WARN_OBJC_IMPLICIT_RETAIN_SELF = YES;
				CLANG_WARN_OBJC_LITERAL_CONVERSION = YES;
				CLANG_WARN_OBJC_ROOT_CLASS = YES_ERROR;
				CLANG_WARN_QUOTED_INCLUDE_IN_FRAMEWORK_HEADER = YES;
				CLANG_WARN_RANGE_LOOP_ANALYSIS = YES;
				CLANG_WARN_STRICT_PROTOTYPES = YES;
				CLANG_WARN_SUSPICIOUS_MOVE = YES;
				CLANG_WARN_UNGUARDED_AVAILABILITY = YES_AGGRESSIVE;
				CLANG_WARN_UNREACHABLE_CODE = YES;
				CLANG_WARN__DUPLICATE_METHOD_MATCH = YES;
				COPY_PHASE_STRIP = NO;
				DEBUG_INFORMATION_FORMAT = "dwarf-with-dsym";
				ENABLE_NS_ASSERTIONS = NO;
				ENABLE_STRICT_OBJC_MSGSEND = YES;
				GCC_C_LANGUAGE_STANDARD = gnu11;
				GCC_NO_COMMON_BLOCKS = YES;
				GCC_WARN_64_TO_32_BIT_CONVERSION = YES;
				GCC_WARN_ABOUT_RETURN_TYPE = YES_ERROR;
				GCC_WARN_UNDECLARED_SELECTOR = YES;
				GCC_WARN_UNINITIALIZED_AUTOS = YES_AGGRESSIVE;
				GCC_WARN_UNUSED_FUNCTION = YES;
				GCC_WARN_UNUSED_VARIABLE = YES;
				IPHONEOS_DEPLOYMENT_TARGET = 14.1;
				MTL_ENABLE_DEBUG_INFO = NO;
				MTL_FAST_MATH = YES;
				SDKROOT = iphoneos;
				SWIFT_COMPILATION_MODE = wholemodule;
				SWIFT_OPTIMIZATION_LEVEL = "-O";
				VALIDATE_PRODUCT = YES;
			};
			name = Release;
		};
		E89AF57226F1EE690019B315 /* Debug */ = {
			isa = XCBuildConfiguration;
			buildSettings = {
				ASSETCATALOG_COMPILER_APPICON_NAME = AppIcon;
				ASSETCATALOG_COMPILER_GLOBAL_ACCENT_COLOR_NAME = AccentColor;
				CODE_SIGN_STYLE = Automatic;
				DEVELOPMENT_TEAM = 2J235TKTZB;
				INFOPLIST_FILE = "Van Gogh Filter Cam Project/Info.plist";
				LD_RUNPATH_SEARCH_PATHS = (
					"$(inherited)",
					"@executable_path/Frameworks",
				);
				PRODUCT_BUNDLE_IDENTIFIER = "com.mariosbousios.Van-Gogh-Filter-Cam-Project";
				PRODUCT_NAME = "$(TARGET_NAME)";
				SWIFT_VERSION = 5.0;
				TARGETED_DEVICE_FAMILY = 1;
			};
			name = Debug;
		};
		E89AF57326F1EE690019B315 /* Release */ = {
			isa = XCBuildConfiguration;
			buildSettings = {
				ASSETCATALOG_COMPILER_APPICON_NAME = AppIcon;
				ASSETCATALOG_COMPILER_GLOBAL_ACCENT_COLOR_NAME = AccentColor;
				CODE_SIGN_STYLE = Automatic;
				DEVELOPMENT_TEAM = 2J235TKTZB;
				INFOPLIST_FILE = "Van Gogh Filter Cam Project/Info.plist";
				LD_RUNPATH_SEARCH_PATHS = (
					"$(inherited)",
					"@executable_path/Frameworks",
				);
				PRODUCT_BUNDLE_IDENTIFIER = "com.mariosbousios.Van-Gogh-Filter-Cam-Project";
				PRODUCT_NAME = "$(TARGET_NAME)";
				SWIFT_VERSION = 5.0;
				TARGETED_DEVICE_FAMILY = 1;
			};
			name = Release;
		};
/* End XCBuildConfiguration section */

/* Begin XCConfigurationList section */
		E89AF55826F1EE680019B315 /* Build configuration list for PBXProject "Van Gogh Filter Cam Project" */ = {
			isa = XCConfigurationList;
			buildConfigurations = (
				E89AF56F26F1EE690019B315 /* Debug */,
				E89AF57026F1EE690019B315 /* Release */,
			);
			defaultConfigurationIsVisible = 0;
			defaultConfigurationName = Release;
		};
		E89AF57126F1EE690019B315 /* Build configuration list for PBXNativeTarget "Van Gogh Filter Cam Project" */ = {
			isa = XCConfigurationList;
			buildConfigurations = (
				E89AF57226F1EE690019B315 /* Debug */,
				E89AF57326F1EE690019B315 /* Release */,
			);
			defaultConfigurationIsVisible = 0;
			defaultConfigurationName = Release;
		};
/* End XCConfigurationList section */
	};
	rootObject = E89AF55526F1EE680019B315 /* Project object */;
}
